
Microsoft Visual Studio Solution File, Format Version 12.00
# Visual Studio Version 17
VisualStudioVersion = 17.11.35312.102
MinimumVisualStudioVersion = 10.0.40219.1
Project("{FAE04EC0-301F-11D3-BF4B-00C04F79EFBC}") = "ConsoleApp1", "ConsoleApp1\ConsoleApp1.csproj", "{D557C773-47CD-4030-A20F-9942F2290044}"
EndProject
Global
	GlobalSection(SolutionConfigurationPlatforms) = preSolution
		Debug|Any CPU = Debug|Any CPU
		Release|Any CPU = Release|Any CPU
	EndGlobalSection
	GlobalSection(ProjectConfigurationPlatforms) = postSolution
		{D557C773-47CD-4030-A20F-9942F2290044}.Debug|Any CPU.ActiveCfg = Debug|Any CPU
		{D557C773-47CD-4030-A20F-9942F2290044}.Debug|Any CPU.Build.0 = Debug|Any CPU
		{D557C773-47CD-4030-A20F-9942F2290044}.Release|Any CPU.ActiveCfg = Release|Any CPU
		{D557C773-47CD-4030-A20F-9942F2290044}.Release|Any CPU.Build.0 = Release|Any CPU
	EndGlobalSection
	GlobalSection(SolutionProperties) = preSolution
		HideSolutionNode = FALSE
	EndGlobalSection
	GlobalSection(ExtensibilityGlobals) = postSolution
		SolutionGuid = {638FEB2F-3A30-4BAF-84DB-47DE47DEC6AC}
	EndGlobalSection
EndGlobal
